// !$*UTF8*$!
{
	archiveVersion = 1;
	classes = {
	};
	objectVersion = 56;
	objects = {

/* Begin PBXBuildFile section */
		73A4B43C2AC632F600BBAB3C /* RecolectorId.swift in Sources */ = {isa = PBXBuildFile; fileRef = 73A4B43B2AC632F600BBAB3C /* RecolectorId.swift */; };
		73B788012AC63DEC00169467 /* PendienteOpciones.swift in Sources */ = {isa = PBXBuildFile; fileRef = 73B788002AC63DEC00169467 /* PendienteOpciones.swift */; };
		73B788032AC63FBB00169467 /* ModelDetalle.swift in Sources */ = {isa = PBXBuildFile; fileRef = 73B788022AC63FBB00169467 /* ModelDetalle.swift */; };
		73B788052AC6402500169467 /* RecoleccionDetalles.swift in Sources */ = {isa = PBXBuildFile; fileRef = 73B788042AC6402500169467 /* RecoleccionDetalles.swift */; };
		FB9CB2F62AA79039004211F6 /* CaritasCollectApp.swift in Sources */ = {isa = PBXBuildFile; fileRef = FB9CB2F52AA79039004211F6 /* CaritasCollectApp.swift */; };
		FB9CB2F82AA79039004211F6 /* ContentView.swift in Sources */ = {isa = PBXBuildFile; fileRef = FB9CB2F72AA79039004211F6 /* ContentView.swift */; };
		FB9CB2FA2AA7903B004211F6 /* Assets.xcassets in Resources */ = {isa = PBXBuildFile; fileRef = FB9CB2F92AA7903B004211F6 /* Assets.xcassets */; };
		FB9CB2FD2AA7903B004211F6 /* Preview Assets.xcassets in Resources */ = {isa = PBXBuildFile; fileRef = FB9CB2FC2AA7903B004211F6 /* Preview Assets.xcassets */; };
		FB9CB3042AA7924F004211F6 /* Banner.swift in Sources */ = {isa = PBXBuildFile; fileRef = FB9CB3032AA7924F004211F6 /* Banner.swift */; };
		FB9CB30C2AA8D46F004211F6 /* LoginScreen.swift in Sources */ = {isa = PBXBuildFile; fileRef = FB9CB30B2AA8D46F004211F6 /* LoginScreen.swift */; };
		FBB781382AC372F80073B66E /* GlobalData.swift in Sources */ = {isa = PBXBuildFile; fileRef = FBB781372AC372F80073B66E /* GlobalData.swift */; };
		FBBA20752AAB70DF006144D7 /* Fecha.swift in Sources */ = {isa = PBXBuildFile; fileRef = FBBA20722AAB70DF006144D7 /* Fecha.swift */; };
		FBBA20762AAB70DF006144D7 /* Recoleccion.swift in Sources */ = {isa = PBXBuildFile; fileRef = FBBA20732AAB70DF006144D7 /* Recoleccion.swift */; };
		FBBA20772AAB70DF006144D7 /* ModelData.swift in Sources */ = {isa = PBXBuildFile; fileRef = FBBA20742AAB70DF006144D7 /* ModelData.swift */; };
		FBBA207F2AAB8C1C006144D7 /* DetalleView.swift in Sources */ = {isa = PBXBuildFile; fileRef = FBBA20782AAB8C1B006144D7 /* DetalleView.swift */; };
		FBBA20812AAB8C1C006144D7 /* RecoleccionesView.swift in Sources */ = {isa = PBXBuildFile; fileRef = FBBA207A2AAB8C1B006144D7 /* RecoleccionesView.swift */; };
		FBBA20832AAB8C1C006144D7 /* ConfiguracionView.swift in Sources */ = {isa = PBXBuildFile; fileRef = FBBA207C2AAB8C1C006144D7 /* ConfiguracionView.swift */; };
		FBBA20842AAB8C1C006144D7 /* LogInView.swift in Sources */ = {isa = PBXBuildFile; fileRef = FBBA207D2AAB8C1C006144D7 /* LogInView.swift */; };
		FBBA20852AAB8C1C006144D7 /* RecoleccionRow.swift in Sources */ = {isa = PBXBuildFile; fileRef = FBBA207E2AAB8C1C006144D7 /* RecoleccionRow.swift */; };
		FBBB2FFB2AAA1F390013DE29 /* Get.swift in Sources */ = {isa = PBXBuildFile; fileRef = FBBB2FFA2AAA1F390013DE29 /* Get.swift */; };
		FBBB2FFF2AAA285D0013DE29 /* Post.swift in Sources */ = {isa = PBXBuildFile; fileRef = FBBB2FFE2AAA285D0013DE29 /* Post.swift */; };
		FBBB30022AAA2D610013DE29 /* HomeScreen.swift in Sources */ = {isa = PBXBuildFile; fileRef = FBBB30012AAA2D610013DE29 /* HomeScreen.swift */; };
		FBCEC68B2AAAA5770099C55F /* LoginModelData.swift in Sources */ = {isa = PBXBuildFile; fileRef = FBCEC68A2AAAA5770099C55F /* LoginModelData.swift */; };
/* End PBXBuildFile section */

/* Begin PBXFileReference section */
		73A4B43B2AC632F600BBAB3C /* RecolectorId.swift */ = {isa = PBXFileReference; lastKnownFileType = sourcecode.swift; path = RecolectorId.swift; sourceTree = "<group>"; };
		73B788002AC63DEC00169467 /* PendienteOpciones.swift */ = {isa = PBXFileReference; lastKnownFileType = sourcecode.swift; path = PendienteOpciones.swift; sourceTree = "<group>"; };
		73B788022AC63FBB00169467 /* ModelDetalle.swift */ = {isa = PBXFileReference; lastKnownFileType = sourcecode.swift; path = ModelDetalle.swift; sourceTree = "<group>"; };
		73B788042AC6402500169467 /* RecoleccionDetalles.swift */ = {isa = PBXFileReference; lastKnownFileType = sourcecode.swift; path = RecoleccionDetalles.swift; sourceTree = "<group>"; };
		FB9CB2F22AA79039004211F6 /* CaritasCollect.app */ = {isa = PBXFileReference; explicitFileType = wrapper.application; includeInIndex = 0; path = CaritasCollect.app; sourceTree = BUILT_PRODUCTS_DIR; };
		FB9CB2F52AA79039004211F6 /* CaritasCollectApp.swift */ = {isa = PBXFileReference; lastKnownFileType = sourcecode.swift; path = CaritasCollectApp.swift; sourceTree = "<group>"; };
		FB9CB2F72AA79039004211F6 /* ContentView.swift */ = {isa = PBXFileReference; lastKnownFileType = sourcecode.swift; path = ContentView.swift; sourceTree = "<group>"; };
		FB9CB2F92AA7903B004211F6 /* Assets.xcassets */ = {isa = PBXFileReference; lastKnownFileType = folder.assetcatalog; path = Assets.xcassets; sourceTree = "<group>"; };
		FB9CB2FC2AA7903B004211F6 /* Preview Assets.xcassets */ = {isa = PBXFileReference; lastKnownFileType = folder.assetcatalog; path = "Preview Assets.xcassets"; sourceTree = "<group>"; };
		FB9CB3032AA7924F004211F6 /* Banner.swift */ = {isa = PBXFileReference; lastKnownFileType = sourcecode.swift; path = Banner.swift; sourceTree = "<group>"; };
		FB9CB30B2AA8D46F004211F6 /* LoginScreen.swift */ = {isa = PBXFileReference; lastKnownFileType = sourcecode.swift; path = LoginScreen.swift; sourceTree = "<group>"; };
		FBB781372AC372F80073B66E /* GlobalData.swift */ = {isa = PBXFileReference; lastKnownFileType = sourcecode.swift; path = GlobalData.swift; sourceTree = "<group>"; };
		FBBA20722AAB70DF006144D7 /* Fecha.swift */ = {isa = PBXFileReference; fileEncoding = 4; lastKnownFileType = sourcecode.swift; path = Fecha.swift; sourceTree = "<group>"; };
		FBBA20732AAB70DF006144D7 /* Recoleccion.swift */ = {isa = PBXFileReference; fileEncoding = 4; lastKnownFileType = sourcecode.swift; path = Recoleccion.swift; sourceTree = "<group>"; };
		FBBA20742AAB70DF006144D7 /* ModelData.swift */ = {isa = PBXFileReference; fileEncoding = 4; lastKnownFileType = sourcecode.swift; path = ModelData.swift; sourceTree = "<group>"; };
		FBBA20782AAB8C1B006144D7 /* DetalleView.swift */ = {isa = PBXFileReference; fileEncoding = 4; lastKnownFileType = sourcecode.swift; path = DetalleView.swift; sourceTree = "<group>"; };
		FBBA207A2AAB8C1B006144D7 /* RecoleccionesView.swift */ = {isa = PBXFileReference; fileEncoding = 4; lastKnownFileType = sourcecode.swift; path = RecoleccionesView.swift; sourceTree = "<group>"; };
		FBBA207C2AAB8C1C006144D7 /* ConfiguracionView.swift */ = {isa = PBXFileReference; fileEncoding = 4; lastKnownFileType = sourcecode.swift; path = ConfiguracionView.swift; sourceTree = "<group>"; };
		FBBA207D2AAB8C1C006144D7 /* LogInView.swift */ = {isa = PBXFileReference; fileEncoding = 4; lastKnownFileType = sourcecode.swift; path = LogInView.swift; sourceTree = "<group>"; };
		FBBA207E2AAB8C1C006144D7 /* RecoleccionRow.swift */ = {isa = PBXFileReference; fileEncoding = 4; lastKnownFileType = sourcecode.swift; path = RecoleccionRow.swift; sourceTree = "<group>"; };
		FBBB2FFA2AAA1F390013DE29 /* Get.swift */ = {isa = PBXFileReference; lastKnownFileType = sourcecode.swift; path = Get.swift; sourceTree = "<group>"; };
		FBBB2FFE2AAA285D0013DE29 /* Post.swift */ = {isa = PBXFileReference; lastKnownFileType = sourcecode.swift; path = Post.swift; sourceTree = "<group>"; };
		FBBB30012AAA2D610013DE29 /* HomeScreen.swift */ = {isa = PBXFileReference; lastKnownFileType = sourcecode.swift; path = HomeScreen.swift; sourceTree = "<group>"; };
		FBCEC68A2AAAA5770099C55F /* LoginModelData.swift */ = {isa = PBXFileReference; lastKnownFileType = sourcecode.swift; path = LoginModelData.swift; sourceTree = "<group>"; };
/* End PBXFileReference section */

/* Begin PBXFrameworksBuildPhase section */
		FB9CB2EF2AA79039004211F6 /* Frameworks */ = {
			isa = PBXFrameworksBuildPhase;
			buildActionMask = 2147483647;
			files = (
			);
			runOnlyForDeploymentPostprocessing = 0;
		};
/* End PBXFrameworksBuildPhase section */

/* Begin PBXGroup section */
		73A4B4352AC62C3E00BBAB3C /* Model */ = {
			isa = PBXGroup;
			children = (
				FBBB2FFA2AAA1F390013DE29 /* Get.swift */,
				FBBB2FFE2AAA285D0013DE29 /* Post.swift */,
				FBCEC68A2AAAA5770099C55F /* LoginModelData.swift */,
			);
			path = Model;
			sourceTree = "<group>";
		};
		73A4B4372AC62C8A00BBAB3C /* Detalles */ = {
			isa = PBXGroup;
			children = (
				73A4B4382AC62CEB00BBAB3C /* Model */,
				FBBA20782AAB8C1B006144D7 /* DetalleView.swift */,
				73B788002AC63DEC00169467 /* PendienteOpciones.swift */,
			);
			path = Detalles;
			sourceTree = "<group>";
		};
		73A4B4382AC62CEB00BBAB3C /* Model */ = {
			isa = PBXGroup;
			children = (
				73B788022AC63FBB00169467 /* ModelDetalle.swift */,
				73B788042AC6402500169467 /* RecoleccionDetalles.swift */,
			);
			path = Model;
			sourceTree = "<group>";
		};
		FB9CB2E92AA79039004211F6 = {
			isa = PBXGroup;
			children = (
				FB9CB2F42AA79039004211F6 /* CaritasCollect */,
				FB9CB2F32AA79039004211F6 /* Products */,
			);
			sourceTree = "<group>";
		};
		FB9CB2F32AA79039004211F6 /* Products */ = {
			isa = PBXGroup;
			children = (
				FB9CB2F22AA79039004211F6 /* CaritasCollect.app */,
			);
			name = Products;
			sourceTree = "<group>";
		};
		FB9CB2F42AA79039004211F6 /* CaritasCollect */ = {
			isa = PBXGroup;
			children = (
				73A4B4372AC62C8A00BBAB3C /* Detalles */,
				FBBB30002AAA2D4F0013DE29 /* Home */,
				FB9CB3052AA8D415004211F6 /* Login */,
				FB9CB2F52AA79039004211F6 /* CaritasCollectApp.swift */,
				FB9CB2F72AA79039004211F6 /* ContentView.swift */,
				FB9CB3032AA7924F004211F6 /* Banner.swift */,
				73A4B43B2AC632F600BBAB3C /* RecolectorId.swift */,
				FBB781372AC372F80073B66E /* GlobalData.swift */,
				FB9CB2F92AA7903B004211F6 /* Assets.xcassets */,
				FB9CB2FB2AA7903B004211F6 /* Preview Content */,
			);
			path = CaritasCollect;
			sourceTree = "<group>";
		};
		FB9CB2FB2AA7903B004211F6 /* Preview Content */ = {
			isa = PBXGroup;
			children = (
				FB9CB2FC2AA7903B004211F6 /* Preview Assets.xcassets */,
			);
			path = "Preview Content";
			sourceTree = "<group>";
		};
		FB9CB3052AA8D415004211F6 /* Login */ = {
			isa = PBXGroup;
			children = (
				73A4B4352AC62C3E00BBAB3C /* Model */,
				FB9CB30B2AA8D46F004211F6 /* LoginScreen.swift */,
			);
			path = Login;
			sourceTree = "<group>";
		};
		FBBA20712AAB70DF006144D7 /* Model */ = {
			isa = PBXGroup;
			children = (
				FBBA20722AAB70DF006144D7 /* Fecha.swift */,
				FBBA20732AAB70DF006144D7 /* Recoleccion.swift */,
				FBBA20742AAB70DF006144D7 /* ModelData.swift */,
			);
			path = Model;
			sourceTree = "<group>";
		};
		FBBB30002AAA2D4F0013DE29 /* Home */ = {
			isa = PBXGroup;
			children = (
				FBBA20712AAB70DF006144D7 /* Model */,
				FBBA207C2AAB8C1C006144D7 /* ConfiguracionView.swift */,
				FBBA207D2AAB8C1C006144D7 /* LogInView.swift */,
				FBBA207A2AAB8C1B006144D7 /* RecoleccionesView.swift */,
				FBBA207E2AAB8C1C006144D7 /* RecoleccionRow.swift */,
				FBBB30012AAA2D610013DE29 /* HomeScreen.swift */,
			);
			path = Home;
			sourceTree = "<group>";
		};
/* End PBXGroup section */

/* Begin PBXNativeTarget section */
		FB9CB2F12AA79039004211F6 /* CaritasCollect */ = {
			isa = PBXNativeTarget;
			buildConfigurationList = FB9CB3002AA7903B004211F6 /* Build configuration list for PBXNativeTarget "CaritasCollect" */;
			buildPhases = (
				FB9CB2EE2AA79039004211F6 /* Sources */,
				FB9CB2EF2AA79039004211F6 /* Frameworks */,
				FB9CB2F02AA79039004211F6 /* Resources */,
			);
			buildRules = (
			);
			dependencies = (
			);
			name = CaritasCollect;
			productName = CaritasCollect;
			productReference = FB9CB2F22AA79039004211F6 /* CaritasCollect.app */;
			productType = "com.apple.product-type.application";
		};
/* End PBXNativeTarget section */

/* Begin PBXProject section */
		FB9CB2EA2AA79039004211F6 /* Project object */ = {
			isa = PBXProject;
			attributes = {
				BuildIndependentTargetsInParallel = 1;
				LastSwiftUpdateCheck = 1430;
				LastUpgradeCheck = 1430;
				TargetAttributes = {
					FB9CB2F12AA79039004211F6 = {
						CreatedOnToolsVersion = 14.3.1;
					};
				};
			};
			buildConfigurationList = FB9CB2ED2AA79039004211F6 /* Build configuration list for PBXProject "CaritasCollect" */;
			compatibilityVersion = "Xcode 14.0";
			developmentRegion = en;
			hasScannedForEncodings = 0;
			knownRegions = (
				en,
				Base,
			);
			mainGroup = FB9CB2E92AA79039004211F6;
			productRefGroup = FB9CB2F32AA79039004211F6 /* Products */;
			projectDirPath = "";
			projectRoot = "";
			targets = (
				FB9CB2F12AA79039004211F6 /* CaritasCollect */,
			);
		};
/* End PBXProject section */

/* Begin PBXResourcesBuildPhase section */
		FB9CB2F02AA79039004211F6 /* Resources */ = {
			isa = PBXResourcesBuildPhase;
			buildActionMask = 2147483647;
			files = (
				FB9CB2FD2AA7903B004211F6 /* Preview Assets.xcassets in Resources */,
				FB9CB2FA2AA7903B004211F6 /* Assets.xcassets in Resources */,
			);
			runOnlyForDeploymentPostprocessing = 0;
		};
/* End PBXResourcesBuildPhase section */

/* Begin PBXSourcesBuildPhase section */
		FB9CB2EE2AA79039004211F6 /* Sources */ = {
			isa = PBXSourcesBuildPhase;
			buildActionMask = 2147483647;
			files = (
				FBBA20842AAB8C1C006144D7 /* LogInView.swift in Sources */,
				73B788012AC63DEC00169467 /* PendienteOpciones.swift in Sources */,
				FBBA20772AAB70DF006144D7 /* ModelData.swift in Sources */,
				FB9CB2F82AA79039004211F6 /* ContentView.swift in Sources */,
				FBBA207F2AAB8C1C006144D7 /* DetalleView.swift in Sources */,
				FBBA20832AAB8C1C006144D7 /* ConfiguracionView.swift in Sources */,
				FBB781382AC372F80073B66E /* GlobalData.swift in Sources */,
				73A4B43C2AC632F600BBAB3C /* RecolectorId.swift in Sources */,
				73B788052AC6402500169467 /* RecoleccionDetalles.swift in Sources */,
				FBBA20762AAB70DF006144D7 /* Recoleccion.swift in Sources */,
				73B788032AC63FBB00169467 /* ModelDetalle.swift in Sources */,
				FB9CB30C2AA8D46F004211F6 /* LoginScreen.swift in Sources */,
				FBBA20752AAB70DF006144D7 /* Fecha.swift in Sources */,
				FBBA20852AAB8C1C006144D7 /* RecoleccionRow.swift in Sources */,
				FB9CB2F62AA79039004211F6 /* CaritasCollectApp.swift in Sources */,
				FB9CB3042AA7924F004211F6 /* Banner.swift in Sources */,
				FBBA20812AAB8C1C006144D7 /* RecoleccionesView.swift in Sources */,
				FBBB30022AAA2D610013DE29 /* HomeScreen.swift in Sources */,
				FBBB2FFB2AAA1F390013DE29 /* Get.swift in Sources */,
				FBCEC68B2AAAA5770099C55F /* LoginModelData.swift in Sources */,
				FBBB2FFF2AAA285D0013DE29 /* Post.swift in Sources */,
			);
			runOnlyForDeploymentPostprocessing = 0;
		};
/* End PBXSourcesBuildPhase section */

/* Begin XCBuildConfiguration section */
		FB9CB2FE2AA7903B004211F6 /* Debug */ = {
			isa = XCBuildConfiguration;
			buildSettings = {
				ALWAYS_SEARCH_USER_PATHS = NO;
				CLANG_ANALYZER_NONNULL = YES;
				CLANG_ANALYZER_NUMBER_OBJECT_CONVERSION = YES_AGGRESSIVE;
				CLANG_CXX_LANGUAGE_STANDARD = "gnu++20";
				CLANG_ENABLE_MODULES = YES;
				CLANG_ENABLE_OBJC_ARC = YES;
				CLANG_ENABLE_OBJC_WEAK = YES;
				CLANG_WARN_BLOCK_CAPTURE_AUTORELEASING = YES;
				CLANG_WARN_BOOL_CONVERSION = YES;
				CLANG_WARN_COMMA = YES;
				CLANG_WARN_CONSTANT_CONVERSION = YES;
				CLANG_WARN_DEPRECATED_OBJC_IMPLEMENTATIONS = YES;
				CLANG_WARN_DIRECT_OBJC_ISA_USAGE = YES_ERROR;
				CLANG_WARN_DOCUMENTATION_COMMENTS = YES;
				CLANG_WARN_EMPTY_BODY = YES;
				CLANG_WARN_ENUM_CONVERSION = YES;
				CLANG_WARN_INFINITE_RECURSION = YES;
				CLANG_WARN_INT_CONVERSION = YES;
				CLANG_WARN_NON_LITERAL_NULL_CONVERSION = YES;
				CLANG_WARN_OBJC_IMPLICIT_RETAIN_SELF = YES;
				CLANG_WARN_OBJC_LITERAL_CONVERSION = YES;
				CLANG_WARN_OBJC_ROOT_CLASS = YES_ERROR;
				CLANG_WARN_QUOTED_INCLUDE_IN_FRAMEWORK_HEADER = YES;
				CLANG_WARN_RANGE_LOOP_ANALYSIS = YES;
				CLANG_WARN_STRICT_PROTOTYPES = YES;
				CLANG_WARN_SUSPICIOUS_MOVE = YES;
				CLANG_WARN_UNGUARDED_AVAILABILITY = YES_AGGRESSIVE;
				CLANG_WARN_UNREACHABLE_CODE = YES;
				CLANG_WARN__DUPLICATE_METHOD_MATCH = YES;
				COPY_PHASE_STRIP = NO;
				DEBUG_INFORMATION_FORMAT = dwarf;
				ENABLE_STRICT_OBJC_MSGSEND = YES;
				ENABLE_TESTABILITY = YES;
				GCC_C_LANGUAGE_STANDARD = gnu11;
				GCC_DYNAMIC_NO_PIC = NO;
				GCC_NO_COMMON_BLOCKS = YES;
				GCC_OPTIMIZATION_LEVEL = 0;
				GCC_PREPROCESSOR_DEFINITIONS = (
					"DEBUG=1",
					"$(inherited)",
				);
				GCC_WARN_64_TO_32_BIT_CONVERSION = YES;
				GCC_WARN_ABOUT_RETURN_TYPE = YES_ERROR;
				GCC_WARN_UNDECLARED_SELECTOR = YES;
				GCC_WARN_UNINITIALIZED_AUTOS = YES_AGGRESSIVE;
				GCC_WARN_UNUSED_FUNCTION = YES;
				GCC_WARN_UNUSED_VARIABLE = YES;
				IPHONEOS_DEPLOYMENT_TARGET = 16.4;
				MTL_ENABLE_DEBUG_INFO = INCLUDE_SOURCE;
				MTL_FAST_MATH = YES;
				ONLY_ACTIVE_ARCH = YES;
				SDKROOT = iphoneos;
				SWIFT_ACTIVE_COMPILATION_CONDITIONS = DEBUG;
				SWIFT_OPTIMIZATION_LEVEL = "-Onone";
			};
			name = Debug;
		};
		FB9CB2FF2AA7903B004211F6 /* Release */ = {
			isa = XCBuildConfiguration;
			buildSettings = {
				ALWAYS_SEARCH_USER_PATHS = NO;
				CLANG_ANALYZER_NONNULL = YES;
				CLANG_ANALYZER_NUMBER_OBJECT_CONVERSION = YES_AGGRESSIVE;
				CLANG_CXX_LANGUAGE_STANDARD = "gnu++20";
				CLANG_ENABLE_MODULES = YES;
				CLANG_ENABLE_OBJC_ARC = YES;
				CLANG_ENABLE_OBJC_WEAK = YES;
				CLANG_WARN_BLOCK_CAPTURE_AUTORELEASING = YES;
				CLANG_WARN_BOOL_CONVERSION = YES;
				CLANG_WARN_COMMA = YES;
				CLANG_WARN_CONSTANT_CONVERSION = YES;
				CLANG_WARN_DEPRECATED_OBJC_IMPLEMENTATIONS = YES;
				CLANG_WARN_DIRECT_OBJC_ISA_USAGE = YES_ERROR;
				CLANG_WARN_DOCUMENTATION_COMMENTS = YES;
				CLANG_WARN_EMPTY_BODY = YES;
				CLANG_WARN_ENUM_CONVERSION = YES;
				CLANG_WARN_INFINITE_RECURSION = YES;
				CLANG_WARN_INT_CONVERSION = YES;
				CLANG_WARN_NON_LITERAL_NULL_CONVERSION = YES;
				CLANG_WARN_OBJC_IMPLICIT_RETAIN_SELF = YES;
				CLANG_WARN_OBJC_LITERAL_CONVERSION = YES;
				CLANG_WARN_OBJC_ROOT_CLASS = YES_ERROR;
				CLANG_WARN_QUOTED_INCLUDE_IN_FRAMEWORK_HEADER = YES;
				CLANG_WARN_RANGE_LOOP_ANALYSIS = YES;
				CLANG_WARN_STRICT_PROTOTYPES = YES;
				CLANG_WARN_SUSPICIOUS_MOVE = YES;
				CLANG_WARN_UNGUARDED_AVAILABILITY = YES_AGGRESSIVE;
				CLANG_WARN_UNREACHABLE_CODE = YES;
				CLANG_WARN__DUPLICATE_METHOD_MATCH = YES;
				COPY_PHASE_STRIP = NO;
				DEBUG_INFORMATION_FORMAT = "dwarf-with-dsym";
				ENABLE_NS_ASSERTIONS = NO;
				ENABLE_STRICT_OBJC_MSGSEND = YES;
				GCC_C_LANGUAGE_STANDARD = gnu11;
				GCC_NO_COMMON_BLOCKS = YES;
				GCC_WARN_64_TO_32_BIT_CONVERSION = YES;
				GCC_WARN_ABOUT_RETURN_TYPE = YES_ERROR;
				GCC_WARN_UNDECLARED_SELECTOR = YES;
				GCC_WARN_UNINITIALIZED_AUTOS = YES_AGGRESSIVE;
				GCC_WARN_UNUSED_FUNCTION = YES;
				GCC_WARN_UNUSED_VARIABLE = YES;
				IPHONEOS_DEPLOYMENT_TARGET = 16.4;
				MTL_ENABLE_DEBUG_INFO = NO;
				MTL_FAST_MATH = YES;
				SDKROOT = iphoneos;
				SWIFT_COMPILATION_MODE = wholemodule;
				SWIFT_OPTIMIZATION_LEVEL = "-O";
				VALIDATE_PRODUCT = YES;
			};
			name = Release;
		};
		FB9CB3012AA7903B004211F6 /* Debug */ = {
			isa = XCBuildConfiguration;
			buildSettings = {
				ASSETCATALOG_COMPILER_APPICON_NAME = AppIcon;
				ASSETCATALOG_COMPILER_GLOBAL_ACCENT_COLOR_NAME = AccentColor;
				CODE_SIGN_STYLE = Automatic;
				CURRENT_PROJECT_VERSION = 1;
				DEVELOPMENT_ASSET_PATHS = "\"CaritasCollect/Preview Content\"";
				ENABLE_PREVIEWS = YES;
				GENERATE_INFOPLIST_FILE = YES;
				INFOPLIST_KEY_UIApplicationSceneManifest_Generation = YES;
				INFOPLIST_KEY_UIApplicationSupportsIndirectInputEvents = YES;
				INFOPLIST_KEY_UILaunchScreen_Generation = YES;
				INFOPLIST_KEY_UISupportedInterfaceOrientations_iPad = "UIInterfaceOrientationPortrait UIInterfaceOrientationPortraitUpsideDown UIInterfaceOrientationLandscapeLeft UIInterfaceOrientationLandscapeRight";
				INFOPLIST_KEY_UISupportedInterfaceOrientations_iPhone = "UIInterfaceOrientationPortrait UIInterfaceOrientationLandscapeLeft UIInterfaceOrientationLandscapeRight";
				LD_RUNPATH_SEARCH_PATHS = (
					"$(inherited)",
					"@executable_path/Frameworks",
				);
				MARKETING_VERSION = 1.0;
				PRODUCT_BUNDLE_IDENTIFIER = tec.CaritasCollect;
				PRODUCT_NAME = "$(TARGET_NAME)";
				SWIFT_EMIT_LOC_STRINGS = YES;
				SWIFT_VERSION = 5.0;
				TARGETED_DEVICE_FAMILY = "1,2";
			};
			name = Debug;
		};
		FB9CB3022AA7903B004211F6 /* Release */ = {
			isa = XCBuildConfiguration;
			buildSettings = {
				ASSETCATALOG_COMPILER_APPICON_NAME = AppIcon;
				ASSETCATALOG_COMPILER_GLOBAL_ACCENT_COLOR_NAME = AccentColor;
				CODE_SIGN_STYLE = Automatic;
				CURRENT_PROJECT_VERSION = 1;
				DEVELOPMENT_ASSET_PATHS = "\"CaritasCollect/Preview Content\"";
				ENABLE_PREVIEWS = YES;
				GENERATE_INFOPLIST_FILE = YES;
				INFOPLIST_KEY_UIApplicationSceneManifest_Generation = YES;
				INFOPLIST_KEY_UIApplicationSupportsIndirectInputEvents = YES;
				INFOPLIST_KEY_UILaunchScreen_Generation = YES;
				INFOPLIST_KEY_UISupportedInterfaceOrientations_iPad = "UIInterfaceOrientationPortrait UIInterfaceOrientationPortraitUpsideDown UIInterfaceOrientationLandscapeLeft UIInterfaceOrientationLandscapeRight";
				INFOPLIST_KEY_UISupportedInterfaceOrientations_iPhone = "UIInterfaceOrientationPortrait UIInterfaceOrientationLandscapeLeft UIInterfaceOrientationLandscapeRight";
				LD_RUNPATH_SEARCH_PATHS = (
					"$(inherited)",
					"@executable_path/Frameworks",
				);
				MARKETING_VERSION = 1.0;
				PRODUCT_BUNDLE_IDENTIFIER = tec.CaritasCollect;
				PRODUCT_NAME = "$(TARGET_NAME)";
				SWIFT_EMIT_LOC_STRINGS = YES;
				SWIFT_VERSION = 5.0;
				TARGETED_DEVICE_FAMILY = "1,2";
			};
			name = Release;
		};
/* End XCBuildConfiguration section */

/* Begin XCConfigurationList section */
		FB9CB2ED2AA79039004211F6 /* Build configuration list for PBXProject "CaritasCollect" */ = {
			isa = XCConfigurationList;
			buildConfigurations = (
				FB9CB2FE2AA7903B004211F6 /* Debug */,
				FB9CB2FF2AA7903B004211F6 /* Release */,
			);
			defaultConfigurationIsVisible = 0;
			defaultConfigurationName = Release;
		};
		FB9CB3002AA7903B004211F6 /* Build configuration list for PBXNativeTarget "CaritasCollect" */ = {
			isa = XCConfigurationList;
			buildConfigurations = (
				FB9CB3012AA7903B004211F6 /* Debug */,
				FB9CB3022AA7903B004211F6 /* Release */,
			);
			defaultConfigurationIsVisible = 0;
			defaultConfigurationName = Release;
		};
/* End XCConfigurationList section */
	};
	rootObject = FB9CB2EA2AA79039004211F6 /* Project object */;
}
